
Microsoft Visual Studio Solution File, Format Version 12.00
# Visual Studio 2013
VisualStudioVersion = 12.0.30723.0
MinimumVisualStudioVersion = 10.0.40219.1
Project("{2150E333-8FDC-42A3-9474-1A3956D46DE8}") = "Anarian Game Engine", "Anarian Game Engine", "{020AF610-F2FB-49EA-B7AE-A43E2AB44E94}"
EndProject
Project("{8BC9CEB8-8B4A-11D0-8D11-00A0C91BC942}") = "Anarian Game Engine.Shared", "Anarian Game Engine\Anarian Game Engine.Shared\Anarian Game Engine.Shared.vcxitems", "{BE8B7321-2DCE-4B27-93D7-B451BE40033A}"
EndProject
Project("{8BC9CEB8-8B4A-11D0-8D11-00A0C91BC942}") = "Anarian Game Engine.Windows", "Anarian Game Engine\Anarian Game Engine.Windows\Anarian Game Engine.Windows.vcxproj", "{9737A1A6-4948-4CB2-90F9-DCDE9A2884F4}"
EndProject
Project("{8BC9CEB8-8B4A-11D0-8D11-00A0C91BC942}") = "Anarian Game Engine.WindowsPhone", "Anarian Game Engine\Anarian Game Engine.WindowsPhone\Anarian Game Engine.WindowsPhone.vcxproj", "{584C50BE-18A2-40F4-A4CB-D5B5246F85BF}"
EndProject
Global
	GlobalSection(SharedMSBuildProjectFiles) = preSolution
		Anarian Game Engine\Anarian Game Engine.Shared\Anarian Game Engine.Shared.vcxitems*{584c50be-18a2-40f4-a4cb-d5b5246f85bf}*SharedItemsImports = 4
		Anarian Game Engine\Anarian Game Engine.Shared\Anarian Game Engine.Shared.vcxitems*{9737a1a6-4948-4cb2-90f9-dcde9a2884f4}*SharedItemsImports = 4
		Anarian Game Engine\Anarian Game Engine.Shared\Anarian Game Engine.Shared.vcxitems*{be8b7321-2dce-4b27-93d7-b451be40033a}*SharedItemsImports = 9
	EndGlobalSection
	GlobalSection(SolutionConfigurationPlatforms) = preSolution
		Debug|ARM = Debug|ARM
		Debug|Win32 = Debug|Win32
		Debug|x64 = Debug|x64
		Release|ARM = Release|ARM
		Release|Win32 = Release|Win32
		Release|x64 = Release|x64
	EndGlobalSection
	GlobalSection(ProjectConfigurationPlatforms) = postSolution
		{9737A1A6-4948-4CB2-90F9-DCDE9A2884F4}.Debug|ARM.ActiveCfg = Debug|ARM
		{9737A1A6-4948-4CB2-90F9-DCDE9A2884F4}.Debug|ARM.Build.0 = Debug|ARM
		{9737A1A6-4948-4CB2-90F9-DCDE9A2884F4}.Debug|Win32.ActiveCfg = Debug|Win32
		{9737A1A6-4948-4CB2-90F9-DCDE9A2884F4}.Debug|Win32.Build.0 = Debug|Win32
		{9737A1A6-4948-4CB2-90F9-DCDE9A2884F4}.Debug|x64.ActiveCfg = Debug|x64
		{9737A1A6-4948-4CB2-90F9-DCDE9A2884F4}.Debug|x64.Build.0 = Debug|x64
		{9737A1A6-4948-4CB2-90F9-DCDE9A2884F4}.Release|ARM.ActiveCfg = Release|ARM
		{9737A1A6-4948-4CB2-90F9-DCDE9A2884F4}.Release|ARM.Build.0 = Release|ARM
		{9737A1A6-4948-4CB2-90F9-DCDE9A2884F4}.Release|Win32.ActiveCfg = Release|Win32
		{9737A1A6-4948-4CB2-90F9-DCDE9A2884F4}.Release|Win32.Build.0 = Release|Win32
		{9737A1A6-4948-4CB2-90F9-DCDE9A2884F4}.Release|x64.ActiveCfg = Release|x64
		{9737A1A6-4948-4CB2-90F9-DCDE9A2884F4}.Release|x64.Build.0 = Release|x64
		{584C50BE-18A2-40F4-A4CB-D5B5246F85BF}.Debug|ARM.ActiveCfg = Debug|ARM
		{584C50BE-18A2-40F4-A4CB-D5B5246F85BF}.Debug|ARM.Build.0 = Debug|ARM
		{584C50BE-18A2-40F4-A4CB-D5B5246F85BF}.Debug|Win32.ActiveCfg = Debug|Win32
		{584C50BE-18A2-40F4-A4CB-D5B5246F85BF}.Debug|Win32.Build.0 = Debug|Win32
		{584C50BE-18A2-40F4-A4CB-D5B5246F85BF}.Debug|x64.ActiveCfg = Debug|Win32
		{584C50BE-18A2-40F4-A4CB-D5B5246F85BF}.Release|ARM.ActiveCfg = Release|ARM
		{584C50BE-18A2-40F4-A4CB-D5B5246F85BF}.Release|ARM.Build.0 = Release|ARM
		{584C50BE-18A2-40F4-A4CB-D5B5246F85BF}.Release|Win32.ActiveCfg = Release|Win32
		{584C50BE-18A2-40F4-A4CB-D5B5246F85BF}.Release|Win32.Build.0 = Release|Win32
		{584C50BE-18A2-40F4-A4CB-D5B5246F85BF}.Release|x64.ActiveCfg = Release|Win32
	EndGlobalSection
	GlobalSection(SolutionProperties) = preSolution
		HideSolutionNode = FALSE
	EndGlobalSection
	GlobalSection(NestedProjects) = preSolution
		{BE8B7321-2DCE-4B27-93D7-B451BE40033A} = {020AF610-F2FB-49EA-B7AE-A43E2AB44E94}
		{9737A1A6-4948-4CB2-90F9-DCDE9A2884F4} = {020AF610-F2FB-49EA-B7AE-A43E2AB44E94}
		{584C50BE-18A2-40F4-A4CB-D5B5246F85BF} = {020AF610-F2FB-49EA-B7AE-A43E2AB44E94}
	EndGlobalSection
EndGlobal
