<?xml version="1.0" encoding="utf-8"?>
<Project ToolsVersion="12.0" xmlns="http://schemas.microsoft.com/developer/msbuild/2003">
  <ItemGroup>
    <ClInclude Include="$(MSBuildThisFileDirectory)targetver.h" />
    <ClInclude Include="$(MSBuildThisFileDirectory)pch.h" />
    <ClInclude Include="$(MSBuildThisFileDirectory)AnarianGameEngine.h" />
    <ClInclude Include="$(MSBuildThisFileDirectory)GameTimer.h">
      <Filter>Utilities</Filter>
    </ClInclude>
    <ClInclude Include="$(MSBuildThisFileDirectory)IRenderer.h">
      <Filter>Interfaces</Filter>
    </ClInclude>
    <ClInclude Include="$(MSBuildThisFileDirectory)IUpdatable.h">
      <Filter>Interfaces</Filter>
    </ClInclude>
    <ClInclude Include="$(MSBuildThisFileDirectory)IRenderable.h">
      <Filter>Interfaces</Filter>
    </ClInclude>
    <ClInclude Include="$(MSBuildThisFileDirectory)IMoveable.h">
      <Filter>Interfaces</Filter>
    </ClInclude>
    <ClInclude Include="$(MSBuildThisFileDirectory)IMaterial.h">
      <Filter>Interfaces</Filter>
    </ClInclude>
    <ClInclude Include="$(MSBuildThisFileDirectory)IMeshObject.h">
      <Filter>Interfaces</Filter>
    </ClInclude>
    <ClInclude Include="$(MSBuildThisFileDirectory)PNTVertex.h">
      <Filter>Data Structures</Filter>
    </ClInclude>
    <ClInclude Include="$(MSBuildThisFileDirectory)LogFileManager.h">
      <Filter>Managers</Filter>
    </ClInclude>
    <ClInclude Include="$(MSBuildThisFileDirectory)ResourceManager.h">
      <Filter>Managers</Filter>
    </ClInclude>
    <ClInclude Include="$(MSBuildThisFileDirectory)SceneManager.h">
      <Filter>Managers</Filter>
    </ClInclude>
    <ClInclude Include="$(MSBuildThisFileDirectory)IScene.h">
      <Filter>Interfaces</Filter>
    </ClInclude>
    <ClInclude Include="$(MSBuildThisFileDirectory)Camera.h">
      <Filter>Rendering</Filter>
    </ClInclude>
    <ClInclude Include="$(MSBuildThisFileDirectory)SceneNode.h">
      <Filter>Rendering</Filter>
    </ClInclude>
    <ClInclude Include="$(MSBuildThisFileDirectory)GameObject.h">
      <Filter>Data Structures</Filter>
    </ClInclude>
  </ItemGroup>
  <ItemGroup>
    <ClCompile Include="$(MSBuildThisFileDirectory)pch.cpp">
      <PrecompiledHeader>Create</PrecompiledHeader>
    </ClCompile>
    <ClCompile Include="$(MSBuildThisFileDirectory)AnarianGameEngine.cpp" />
    <ClCompile Include="$(MSBuildThisFileDirectory)GameTimer.cpp">
      <Filter>Utilities</Filter>
    </ClCompile>
    <ClCompile Include="$(MSBuildThisFileDirectory)IRenderer.cpp">
      <Filter>Interfaces</Filter>
    </ClCompile>
    <ClCompile Include="$(MSBuildThisFileDirectory)IUpdatable.cpp">
      <Filter>Interfaces</Filter>
    </ClCompile>
    <ClCompile Include="$(MSBuildThisFileDirectory)IRenderable.cpp">
      <Filter>Interfaces</Filter>
    </ClCompile>
    <ClCompile Include="$(MSBuildThisFileDirectory)IMoveable.cpp">
      <Filter>Interfaces</Filter>
    </ClCompile>
    <ClCompile Include="$(MSBuildThisFileDirectory)IMaterial.cpp">
      <Filter>Interfaces</Filter>
    </ClCompile>
    <ClCompile Include="$(MSBuildThisFileDirectory)IMeshObject.cpp">
      <Filter>Interfaces</Filter>
    </ClCompile>
    <ClCompile Include="$(MSBuildThisFileDirectory)LogFileManager.cpp">
      <Filter>Managers</Filter>
    </ClCompile>
    <ClCompile Include="$(MSBuildThisFileDirectory)ResourceManager.cpp">
      <Filter>Managers</Filter>
    </ClCompile>
    <ClCompile Include="$(MSBuildThisFileDirectory)SceneManager.cpp">
      <Filter>Managers</Filter>
    </ClCompile>
    <ClCompile Include="$(MSBuildThisFileDirectory)IScene.cpp">
      <Filter>Interfaces</Filter>
    </ClCompile>
    <ClCompile Include="$(MSBuildThisFileDirectory)Camera.cpp">
      <Filter>Rendering</Filter>
    </ClCompile>
    <ClCompile Include="$(MSBuildThisFileDirectory)SceneNode.cpp">
      <Filter>Rendering</Filter>
    </ClCompile>
    <ClCompile Include="$(MSBuildThisFileDirectory)GameObject.cpp">
      <Filter>Data Structures</Filter>
    </ClCompile>
  </ItemGroup>
  <ItemGroup>
    <Filter Include="Utilities">
      <UniqueIdentifier>{0e0b29e8-af39-4751-a132-275d210f24ce}</UniqueIdentifier>
    </Filter>
    <Filter Include="Interfaces">
      <UniqueIdentifier>{30b4a2bc-e22b-4943-ac1d-08eaa7be5ba4}</UniqueIdentifier>
    </Filter>
    <Filter Include="Data Structures">
      <UniqueIdentifier>{bf6834bd-e662-4bef-a071-249ace7429ff}</UniqueIdentifier>
    </Filter>
    <Filter Include="Managers">
      <UniqueIdentifier>{07b6a6bd-04f5-4474-927f-d09918d1f41d}</UniqueIdentifier>
    </Filter>
    <Filter Include="Rendering">
      <UniqueIdentifier>{214eca01-8e78-455e-bdcd-1ce3bdf3cb43}</UniqueIdentifier>
    </Filter>
  </ItemGroup>
</Project>