
Microsoft Visual Studio Solution File, Format Version 12.00
# Visual Studio 2013
VisualStudioVersion = 12.0.31101.0
MinimumVisualStudioVersion = 10.0.40219.1
Project("{2150E333-8FDC-42A3-9474-1A3956D46DE8}") = "EmpiresOfTheIV", "EmpiresOfTheIV", "{B614A4E0-C7FC-43B3-B899-D0C6B0FCF3E8}"
EndProject
Project("{D954291E-2A0B-460D-934E-DC6B0785DB48}") = "EmpiresOfTheIV.Shared", "EmpiresOfTheIV\EmpiresOfTheIV.Shared\EmpiresOfTheIV.Shared.shproj", "{758EB457-8AE6-4F3F-8866-EF0222A99146}"
EndProject
Project("{FAE04EC0-301F-11D3-BF4B-00C04F79EFBC}") = "EmpiresOfTheIV.Windows", "EmpiresOfTheIV\EmpiresOfTheIV.Windows\EmpiresOfTheIV.Windows.csproj", "{FA2137BB-2933-4EEE-AF43-B1D2DFB8E21A}"
	ProjectSection(ProjectDependencies) = postProject
		{92A6A794-E23F-46D4-BCA5-3790198FEF4C} = {92A6A794-E23F-46D4-BCA5-3790198FEF4C}
	EndProjectSection
EndProject
Project("{FAE04EC0-301F-11D3-BF4B-00C04F79EFBC}") = "EmpiresOfTheIV.WindowsPhone", "EmpiresOfTheIV\EmpiresOfTheIV.WindowsPhone\EmpiresOfTheIV.WindowsPhone.csproj", "{1569F33B-7357-49A0-ACAD-192E66C36BE6}"
	ProjectSection(ProjectDependencies) = postProject
		{92A6A794-E23F-46D4-BCA5-3790198FEF4C} = {92A6A794-E23F-46D4-BCA5-3790198FEF4C}
	EndProjectSection
EndProject
Project("{FAE04EC0-301F-11D3-BF4B-00C04F79EFBC}") = "EmpiresOfTheIV.Content", "EmpiresOfTheIV.Content\EmpiresOfTheIV.Content\EmpiresOfTheIV.Content.csproj", "{92A6A794-E23F-46D4-BCA5-3790198FEF4C}"
EndProject
Project("{FAE04EC0-301F-11D3-BF4B-00C04F79EFBC}") = "EmpiresOfTheIV.ContentContent", "EmpiresOfTheIV.Content\EmpiresOfTheIV.ContentContent\EmpiresOfTheIV.ContentContent.contentproj", "{FFBE88C3-35C9-448B-B656-63A4D4F20E96}"
EndProject
Global
	GlobalSection(SharedMSBuildProjectFiles) = preSolution
		EmpiresOfTheIV\EmpiresOfTheIV.Shared\Shared.Application.Shared.projitems*{758eb457-8ae6-4f3f-8866-ef0222a99146}*SharedItemsImports = 13
		EmpiresOfTheIV\EmpiresOfTheIV.Shared\Shared.Application.Shared.projitems*{fa2137bb-2933-4eee-af43-b1d2dfb8e21a}*SharedItemsImports = 4
		EmpiresOfTheIV\EmpiresOfTheIV.Shared\Shared.Application.Shared.projitems*{1569f33b-7357-49a0-acad-192e66c36be6}*SharedItemsImports = 4
	EndGlobalSection
	GlobalSection(SolutionConfigurationPlatforms) = preSolution
		Android|Any CPU = Android|Any CPU
		Android|ARM = Android|ARM
		Android|Mixed Platforms = Android|Mixed Platforms
		Android|x64 = Android|x64
		Android|x86 = Android|x86
		Debug|Any CPU = Debug|Any CPU
		Debug|ARM = Debug|ARM
		Debug|Mixed Platforms = Debug|Mixed Platforms
		Debug|x64 = Debug|x64
		Debug|x86 = Debug|x86
		iOS|Any CPU = iOS|Any CPU
		iOS|ARM = iOS|ARM
		iOS|Mixed Platforms = iOS|Mixed Platforms
		iOS|x64 = iOS|x64
		iOS|x86 = iOS|x86
		Linux|Any CPU = Linux|Any CPU
		Linux|ARM = Linux|ARM
		Linux|Mixed Platforms = Linux|Mixed Platforms
		Linux|x64 = Linux|x64
		Linux|x86 = Linux|x86
		OSX|Any CPU = OSX|Any CPU
		OSX|ARM = OSX|ARM
		OSX|Mixed Platforms = OSX|Mixed Platforms
		OSX|x64 = OSX|x64
		OSX|x86 = OSX|x86
		PSM|Any CPU = PSM|Any CPU
		PSM|ARM = PSM|ARM
		PSM|Mixed Platforms = PSM|Mixed Platforms
		PSM|x64 = PSM|x64
		PSM|x86 = PSM|x86
		Release|Any CPU = Release|Any CPU
		Release|ARM = Release|ARM
		Release|Mixed Platforms = Release|Mixed Platforms
		Release|x64 = Release|x64
		Release|x86 = Release|x86
		Windows|Any CPU = Windows|Any CPU
		Windows|ARM = Windows|ARM
		Windows|Mixed Platforms = Windows|Mixed Platforms
		Windows|x64 = Windows|x64
		Windows|x86 = Windows|x86
		Windows8|Any CPU = Windows8|Any CPU
		Windows8|ARM = Windows8|ARM
		Windows8|Mixed Platforms = Windows8|Mixed Platforms
		Windows8|x64 = Windows8|x64
		Windows8|x86 = Windows8|x86
	EndGlobalSection
	GlobalSection(ProjectConfigurationPlatforms) = postSolution
		{FA2137BB-2933-4EEE-AF43-B1D2DFB8E21A}.Android|Any CPU.ActiveCfg = Release|Any CPU
		{FA2137BB-2933-4EEE-AF43-B1D2DFB8E21A}.Android|Any CPU.Build.0 = Release|Any CPU
		{FA2137BB-2933-4EEE-AF43-B1D2DFB8E21A}.Android|Any CPU.Deploy.0 = Release|Any CPU
		{FA2137BB-2933-4EEE-AF43-B1D2DFB8E21A}.Android|ARM.ActiveCfg = Release|ARM
		{FA2137BB-2933-4EEE-AF43-B1D2DFB8E21A}.Android|ARM.Build.0 = Release|ARM
		{FA2137BB-2933-4EEE-AF43-B1D2DFB8E21A}.Android|ARM.Deploy.0 = Release|ARM
		{FA2137BB-2933-4EEE-AF43-B1D2DFB8E21A}.Android|Mixed Platforms.ActiveCfg = Debug|x86
		{FA2137BB-2933-4EEE-AF43-B1D2DFB8E21A}.Android|Mixed Platforms.Build.0 = Debug|x86
		{FA2137BB-2933-4EEE-AF43-B1D2DFB8E21A}.Android|Mixed Platforms.Deploy.0 = Debug|x86
		{FA2137BB-2933-4EEE-AF43-B1D2DFB8E21A}.Android|x64.ActiveCfg = Release|x64
		{FA2137BB-2933-4EEE-AF43-B1D2DFB8E21A}.Android|x64.Build.0 = Release|x64
		{FA2137BB-2933-4EEE-AF43-B1D2DFB8E21A}.Android|x64.Deploy.0 = Release|x64
		{FA2137BB-2933-4EEE-AF43-B1D2DFB8E21A}.Android|x86.ActiveCfg = Release|x86
		{FA2137BB-2933-4EEE-AF43-B1D2DFB8E21A}.Android|x86.Build.0 = Release|x86
		{FA2137BB-2933-4EEE-AF43-B1D2DFB8E21A}.Android|x86.Deploy.0 = Release|x86
		{FA2137BB-2933-4EEE-AF43-B1D2DFB8E21A}.Debug|Any CPU.ActiveCfg = Debug|Any CPU
		{FA2137BB-2933-4EEE-AF43-B1D2DFB8E21A}.Debug|Any CPU.Build.0 = Debug|Any CPU
		{FA2137BB-2933-4EEE-AF43-B1D2DFB8E21A}.Debug|Any CPU.Deploy.0 = Debug|Any CPU
		{FA2137BB-2933-4EEE-AF43-B1D2DFB8E21A}.Debug|ARM.ActiveCfg = Debug|ARM
		{FA2137BB-2933-4EEE-AF43-B1D2DFB8E21A}.Debug|ARM.Build.0 = Debug|ARM
		{FA2137BB-2933-4EEE-AF43-B1D2DFB8E21A}.Debug|ARM.Deploy.0 = Debug|ARM
		{FA2137BB-2933-4EEE-AF43-B1D2DFB8E21A}.Debug|Mixed Platforms.ActiveCfg = Debug|Any CPU
		{FA2137BB-2933-4EEE-AF43-B1D2DFB8E21A}.Debug|Mixed Platforms.Build.0 = Debug|Any CPU
		{FA2137BB-2933-4EEE-AF43-B1D2DFB8E21A}.Debug|Mixed Platforms.Deploy.0 = Debug|Any CPU
		{FA2137BB-2933-4EEE-AF43-B1D2DFB8E21A}.Debug|x64.ActiveCfg = Debug|x64
		{FA2137BB-2933-4EEE-AF43-B1D2DFB8E21A}.Debug|x64.Build.0 = Debug|x64
		{FA2137BB-2933-4EEE-AF43-B1D2DFB8E21A}.Debug|x64.Deploy.0 = Debug|x64
		{FA2137BB-2933-4EEE-AF43-B1D2DFB8E21A}.Debug|x86.ActiveCfg = Debug|x86
		{FA2137BB-2933-4EEE-AF43-B1D2DFB8E21A}.Debug|x86.Build.0 = Debug|x86
		{FA2137BB-2933-4EEE-AF43-B1D2DFB8E21A}.Debug|x86.Deploy.0 = Debug|x86
		{FA2137BB-2933-4EEE-AF43-B1D2DFB8E21A}.iOS|Any CPU.ActiveCfg = Release|Any CPU
		{FA2137BB-2933-4EEE-AF43-B1D2DFB8E21A}.iOS|Any CPU.Build.0 = Release|Any CPU
		{FA2137BB-2933-4EEE-AF43-B1D2DFB8E21A}.iOS|Any CPU.Deploy.0 = Release|Any CPU
		{FA2137BB-2933-4EEE-AF43-B1D2DFB8E21A}.iOS|ARM.ActiveCfg = Release|ARM
		{FA2137BB-2933-4EEE-AF43-B1D2DFB8E21A}.iOS|ARM.Build.0 = Release|ARM
		{FA2137BB-2933-4EEE-AF43-B1D2DFB8E21A}.iOS|ARM.Deploy.0 = Release|ARM
		{FA2137BB-2933-4EEE-AF43-B1D2DFB8E21A}.iOS|Mixed Platforms.ActiveCfg = Debug|x86
		{FA2137BB-2933-4EEE-AF43-B1D2DFB8E21A}.iOS|Mixed Platforms.Build.0 = Debug|x86
		{FA2137BB-2933-4EEE-AF43-B1D2DFB8E21A}.iOS|Mixed Platforms.Deploy.0 = Debug|x86
		{FA2137BB-2933-4EEE-AF43-B1D2DFB8E21A}.iOS|x64.ActiveCfg = Release|x64
		{FA2137BB-2933-4EEE-AF43-B1D2DFB8E21A}.iOS|x64.Build.0 = Release|x64
		{FA2137BB-2933-4EEE-AF43-B1D2DFB8E21A}.iOS|x64.Deploy.0 = Release|x64
		{FA2137BB-2933-4EEE-AF43-B1D2DFB8E21A}.iOS|x86.ActiveCfg = Release|x86
		{FA2137BB-2933-4EEE-AF43-B1D2DFB8E21A}.iOS|x86.Build.0 = Release|x86
		{FA2137BB-2933-4EEE-AF43-B1D2DFB8E21A}.iOS|x86.Deploy.0 = Release|x86
		{FA2137BB-2933-4EEE-AF43-B1D2DFB8E21A}.Linux|Any CPU.ActiveCfg = Release|Any CPU
		{FA2137BB-2933-4EEE-AF43-B1D2DFB8E21A}.Linux|Any CPU.Build.0 = Release|Any CPU
		{FA2137BB-2933-4EEE-AF43-B1D2DFB8E21A}.Linux|Any CPU.Deploy.0 = Release|Any CPU
		{FA2137BB-2933-4EEE-AF43-B1D2DFB8E21A}.Linux|ARM.ActiveCfg = Release|ARM
		{FA2137BB-2933-4EEE-AF43-B1D2DFB8E21A}.Linux|ARM.Build.0 = Release|ARM
		{FA2137BB-2933-4EEE-AF43-B1D2DFB8E21A}.Linux|ARM.Deploy.0 = Release|ARM
		{FA2137BB-2933-4EEE-AF43-B1D2DFB8E21A}.Linux|Mixed Platforms.ActiveCfg = Debug|x86
		{FA2137BB-2933-4EEE-AF43-B1D2DFB8E21A}.Linux|Mixed Platforms.Build.0 = Debug|x86
		{FA2137BB-2933-4EEE-AF43-B1D2DFB8E21A}.Linux|Mixed Platforms.Deploy.0 = Debug|x86
		{FA2137BB-2933-4EEE-AF43-B1D2DFB8E21A}.Linux|x64.ActiveCfg = Release|x64
		{FA2137BB-2933-4EEE-AF43-B1D2DFB8E21A}.Linux|x64.Build.0 = Release|x64
		{FA2137BB-2933-4EEE-AF43-B1D2DFB8E21A}.Linux|x64.Deploy.0 = Release|x64
		{FA2137BB-2933-4EEE-AF43-B1D2DFB8E21A}.Linux|x86.ActiveCfg = Release|x86
		{FA2137BB-2933-4EEE-AF43-B1D2DFB8E21A}.Linux|x86.Build.0 = Release|x86
		{FA2137BB-2933-4EEE-AF43-B1D2DFB8E21A}.Linux|x86.Deploy.0 = Release|x86
		{FA2137BB-2933-4EEE-AF43-B1D2DFB8E21A}.OSX|Any CPU.ActiveCfg = Release|Any CPU
		{FA2137BB-2933-4EEE-AF43-B1D2DFB8E21A}.OSX|Any CPU.Build.0 = Release|Any CPU
		{FA2137BB-2933-4EEE-AF43-B1D2DFB8E21A}.OSX|Any CPU.Deploy.0 = Release|Any CPU
		{FA2137BB-2933-4EEE-AF43-B1D2DFB8E21A}.OSX|ARM.ActiveCfg = Release|ARM
		{FA2137BB-2933-4EEE-AF43-B1D2DFB8E21A}.OSX|ARM.Build.0 = Release|ARM
		{FA2137BB-2933-4EEE-AF43-B1D2DFB8E21A}.OSX|ARM.Deploy.0 = Release|ARM
		{FA2137BB-2933-4EEE-AF43-B1D2DFB8E21A}.OSX|Mixed Platforms.ActiveCfg = Debug|x86
		{FA2137BB-2933-4EEE-AF43-B1D2DFB8E21A}.OSX|Mixed Platforms.Build.0 = Debug|x86
		{FA2137BB-2933-4EEE-AF43-B1D2DFB8E21A}.OSX|Mixed Platforms.Deploy.0 = Debug|x86
		{FA2137BB-2933-4EEE-AF43-B1D2DFB8E21A}.OSX|x64.ActiveCfg = Release|x64
		{FA2137BB-2933-4EEE-AF43-B1D2DFB8E21A}.OSX|x64.Build.0 = Release|x64
		{FA2137BB-2933-4EEE-AF43-B1D2DFB8E21A}.OSX|x64.Deploy.0 = Release|x64
		{FA2137BB-2933-4EEE-AF43-B1D2DFB8E21A}.OSX|x86.ActiveCfg = Release|x86
		{FA2137BB-2933-4EEE-AF43-B1D2DFB8E21A}.OSX|x86.Build.0 = Release|x86
		{FA2137BB-2933-4EEE-AF43-B1D2DFB8E21A}.OSX|x86.Deploy.0 = Release|x86
		{FA2137BB-2933-4EEE-AF43-B1D2DFB8E21A}.PSM|Any CPU.ActiveCfg = Release|Any CPU
		{FA2137BB-2933-4EEE-AF43-B1D2DFB8E21A}.PSM|Any CPU.Build.0 = Release|Any CPU
		{FA2137BB-2933-4EEE-AF43-B1D2DFB8E21A}.PSM|Any CPU.Deploy.0 = Release|Any CPU
		{FA2137BB-2933-4EEE-AF43-B1D2DFB8E21A}.PSM|ARM.ActiveCfg = Release|ARM
		{FA2137BB-2933-4EEE-AF43-B1D2DFB8E21A}.PSM|ARM.Build.0 = Release|ARM
		{FA2137BB-2933-4EEE-AF43-B1D2DFB8E21A}.PSM|ARM.Deploy.0 = Release|ARM
		{FA2137BB-2933-4EEE-AF43-B1D2DFB8E21A}.PSM|Mixed Platforms.ActiveCfg = Debug|x86
		{FA2137BB-2933-4EEE-AF43-B1D2DFB8E21A}.PSM|Mixed Platforms.Build.0 = Debug|x86
		{FA2137BB-2933-4EEE-AF43-B1D2DFB8E21A}.PSM|Mixed Platforms.Deploy.0 = Debug|x86
		{FA2137BB-2933-4EEE-AF43-B1D2DFB8E21A}.PSM|x64.ActiveCfg = Release|x64
		{FA2137BB-2933-4EEE-AF43-B1D2DFB8E21A}.PSM|x64.Build.0 = Release|x64
		{FA2137BB-2933-4EEE-AF43-B1D2DFB8E21A}.PSM|x64.Deploy.0 = Release|x64
		{FA2137BB-2933-4EEE-AF43-B1D2DFB8E21A}.PSM|x86.ActiveCfg = Release|x86
		{FA2137BB-2933-4EEE-AF43-B1D2DFB8E21A}.PSM|x86.Build.0 = Release|x86
		{FA2137BB-2933-4EEE-AF43-B1D2DFB8E21A}.PSM|x86.Deploy.0 = Release|x86
		{FA2137BB-2933-4EEE-AF43-B1D2DFB8E21A}.Release|Any CPU.ActiveCfg = Release|Any CPU
		{FA2137BB-2933-4EEE-AF43-B1D2DFB8E21A}.Release|Any CPU.Build.0 = Release|Any CPU
		{FA2137BB-2933-4EEE-AF43-B1D2DFB8E21A}.Release|Any CPU.Deploy.0 = Release|Any CPU
		{FA2137BB-2933-4EEE-AF43-B1D2DFB8E21A}.Release|ARM.ActiveCfg = Release|ARM
		{FA2137BB-2933-4EEE-AF43-B1D2DFB8E21A}.Release|ARM.Build.0 = Release|ARM
		{FA2137BB-2933-4EEE-AF43-B1D2DFB8E21A}.Release|ARM.Deploy.0 = Release|ARM
		{FA2137BB-2933-4EEE-AF43-B1D2DFB8E21A}.Release|Mixed Platforms.ActiveCfg = Release|x86
		{FA2137BB-2933-4EEE-AF43-B1D2DFB8E21A}.Release|Mixed Platforms.Build.0 = Release|x86
		{FA2137BB-2933-4EEE-AF43-B1D2DFB8E21A}.Release|Mixed Platforms.Deploy.0 = Release|x86
		{FA2137BB-2933-4EEE-AF43-B1D2DFB8E21A}.Release|x64.ActiveCfg = Release|x64
		{FA2137BB-2933-4EEE-AF43-B1D2DFB8E21A}.Release|x64.Build.0 = Release|x64
		{FA2137BB-2933-4EEE-AF43-B1D2DFB8E21A}.Release|x64.Deploy.0 = Release|x64
		{FA2137BB-2933-4EEE-AF43-B1D2DFB8E21A}.Release|x86.ActiveCfg = Release|x86
		{FA2137BB-2933-4EEE-AF43-B1D2DFB8E21A}.Release|x86.Build.0 = Release|x86
		{FA2137BB-2933-4EEE-AF43-B1D2DFB8E21A}.Release|x86.Deploy.0 = Release|x86
		{FA2137BB-2933-4EEE-AF43-B1D2DFB8E21A}.Windows|Any CPU.ActiveCfg = Release|Any CPU
		{FA2137BB-2933-4EEE-AF43-B1D2DFB8E21A}.Windows|Any CPU.Build.0 = Release|Any CPU
		{FA2137BB-2933-4EEE-AF43-B1D2DFB8E21A}.Windows|Any CPU.Deploy.0 = Release|Any CPU
		{FA2137BB-2933-4EEE-AF43-B1D2DFB8E21A}.Windows|ARM.ActiveCfg = Release|ARM
		{FA2137BB-2933-4EEE-AF43-B1D2DFB8E21A}.Windows|ARM.Build.0 = Release|ARM
		{FA2137BB-2933-4EEE-AF43-B1D2DFB8E21A}.Windows|ARM.Deploy.0 = Release|ARM
		{FA2137BB-2933-4EEE-AF43-B1D2DFB8E21A}.Windows|Mixed Platforms.ActiveCfg = Debug|x86
		{FA2137BB-2933-4EEE-AF43-B1D2DFB8E21A}.Windows|Mixed Platforms.Build.0 = Debug|x86
		{FA2137BB-2933-4EEE-AF43-B1D2DFB8E21A}.Windows|Mixed Platforms.Deploy.0 = Debug|x86
		{FA2137BB-2933-4EEE-AF43-B1D2DFB8E21A}.Windows|x64.ActiveCfg = Release|x64
		{FA2137BB-2933-4EEE-AF43-B1D2DFB8E21A}.Windows|x64.Build.0 = Release|x64
		{FA2137BB-2933-4EEE-AF43-B1D2DFB8E21A}.Windows|x64.Deploy.0 = Release|x64
		{FA2137BB-2933-4EEE-AF43-B1D2DFB8E21A}.Windows|x86.ActiveCfg = Release|x86
		{FA2137BB-2933-4EEE-AF43-B1D2DFB8E21A}.Windows|x86.Build.0 = Release|x86
		{FA2137BB-2933-4EEE-AF43-B1D2DFB8E21A}.Windows|x86.Deploy.0 = Release|x86
		{FA2137BB-2933-4EEE-AF43-B1D2DFB8E21A}.Windows8|Any CPU.ActiveCfg = Release|Any CPU
		{FA2137BB-2933-4EEE-AF43-B1D2DFB8E21A}.Windows8|Any CPU.Build.0 = Release|Any CPU
		{FA2137BB-2933-4EEE-AF43-B1D2DFB8E21A}.Windows8|Any CPU.Deploy.0 = Release|Any CPU
		{FA2137BB-2933-4EEE-AF43-B1D2DFB8E21A}.Windows8|ARM.ActiveCfg = Release|ARM
		{FA2137BB-2933-4EEE-AF43-B1D2DFB8E21A}.Windows8|ARM.Build.0 = Release|ARM
		{FA2137BB-2933-4EEE-AF43-B1D2DFB8E21A}.Windows8|ARM.Deploy.0 = Release|ARM
		{FA2137BB-2933-4EEE-AF43-B1D2DFB8E21A}.Windows8|Mixed Platforms.ActiveCfg = Debug|x86
		{FA2137BB-2933-4EEE-AF43-B1D2DFB8E21A}.Windows8|Mixed Platforms.Build.0 = Debug|x86
		{FA2137BB-2933-4EEE-AF43-B1D2DFB8E21A}.Windows8|Mixed Platforms.Deploy.0 = Debug|x86
		{FA2137BB-2933-4EEE-AF43-B1D2DFB8E21A}.Windows8|x64.ActiveCfg = Release|x64
		{FA2137BB-2933-4EEE-AF43-B1D2DFB8E21A}.Windows8|x64.Build.0 = Release|x64
		{FA2137BB-2933-4EEE-AF43-B1D2DFB8E21A}.Windows8|x64.Deploy.0 = Release|x64
		{FA2137BB-2933-4EEE-AF43-B1D2DFB8E21A}.Windows8|x86.ActiveCfg = Release|x86
		{FA2137BB-2933-4EEE-AF43-B1D2DFB8E21A}.Windows8|x86.Build.0 = Release|x86
		{FA2137BB-2933-4EEE-AF43-B1D2DFB8E21A}.Windows8|x86.Deploy.0 = Release|x86
		{1569F33B-7357-49A0-ACAD-192E66C36BE6}.Android|Any CPU.ActiveCfg = Release|Any CPU
		{1569F33B-7357-49A0-ACAD-192E66C36BE6}.Android|Any CPU.Build.0 = Release|Any CPU
		{1569F33B-7357-49A0-ACAD-192E66C36BE6}.Android|Any CPU.Deploy.0 = Release|Any CPU
		{1569F33B-7357-49A0-ACAD-192E66C36BE6}.Android|ARM.ActiveCfg = Release|ARM
		{1569F33B-7357-49A0-ACAD-192E66C36BE6}.Android|ARM.Build.0 = Release|ARM
		{1569F33B-7357-49A0-ACAD-192E66C36BE6}.Android|ARM.Deploy.0 = Release|ARM
		{1569F33B-7357-49A0-ACAD-192E66C36BE6}.Android|Mixed Platforms.ActiveCfg = Debug|x86
		{1569F33B-7357-49A0-ACAD-192E66C36BE6}.Android|Mixed Platforms.Build.0 = Debug|x86
		{1569F33B-7357-49A0-ACAD-192E66C36BE6}.Android|Mixed Platforms.Deploy.0 = Debug|x86
		{1569F33B-7357-49A0-ACAD-192E66C36BE6}.Android|x64.ActiveCfg = Release|Any CPU
		{1569F33B-7357-49A0-ACAD-192E66C36BE6}.Android|x86.ActiveCfg = Release|x86
		{1569F33B-7357-49A0-ACAD-192E66C36BE6}.Android|x86.Build.0 = Release|x86
		{1569F33B-7357-49A0-ACAD-192E66C36BE6}.Android|x86.Deploy.0 = Release|x86
		{1569F33B-7357-49A0-ACAD-192E66C36BE6}.Debug|Any CPU.ActiveCfg = Debug|Any CPU
		{1569F33B-7357-49A0-ACAD-192E66C36BE6}.Debug|Any CPU.Build.0 = Debug|Any CPU
		{1569F33B-7357-49A0-ACAD-192E66C36BE6}.Debug|Any CPU.Deploy.0 = Debug|Any CPU
		{1569F33B-7357-49A0-ACAD-192E66C36BE6}.Debug|ARM.ActiveCfg = Debug|ARM
		{1569F33B-7357-49A0-ACAD-192E66C36BE6}.Debug|ARM.Build.0 = Debug|ARM
		{1569F33B-7357-49A0-ACAD-192E66C36BE6}.Debug|ARM.Deploy.0 = Debug|ARM
		{1569F33B-7357-49A0-ACAD-192E66C36BE6}.Debug|Mixed Platforms.ActiveCfg = Debug|Any CPU
		{1569F33B-7357-49A0-ACAD-192E66C36BE6}.Debug|Mixed Platforms.Build.0 = Debug|Any CPU
		{1569F33B-7357-49A0-ACAD-192E66C36BE6}.Debug|Mixed Platforms.Deploy.0 = Debug|Any CPU
		{1569F33B-7357-49A0-ACAD-192E66C36BE6}.Debug|x64.ActiveCfg = Debug|Any CPU
		{1569F33B-7357-49A0-ACAD-192E66C36BE6}.Debug|x86.ActiveCfg = Debug|x86
		{1569F33B-7357-49A0-ACAD-192E66C36BE6}.Debug|x86.Build.0 = Debug|x86
		{1569F33B-7357-49A0-ACAD-192E66C36BE6}.Debug|x86.Deploy.0 = Debug|x86
		{1569F33B-7357-49A0-ACAD-192E66C36BE6}.iOS|Any CPU.ActiveCfg = Release|Any CPU
		{1569F33B-7357-49A0-ACAD-192E66C36BE6}.iOS|Any CPU.Build.0 = Release|Any CPU
		{1569F33B-7357-49A0-ACAD-192E66C36BE6}.iOS|Any CPU.Deploy.0 = Release|Any CPU
		{1569F33B-7357-49A0-ACAD-192E66C36BE6}.iOS|ARM.ActiveCfg = Release|ARM
		{1569F33B-7357-49A0-ACAD-192E66C36BE6}.iOS|ARM.Build.0 = Release|ARM
		{1569F33B-7357-49A0-ACAD-192E66C36BE6}.iOS|ARM.Deploy.0 = Release|ARM
		{1569F33B-7357-49A0-ACAD-192E66C36BE6}.iOS|Mixed Platforms.ActiveCfg = Debug|x86
		{1569F33B-7357-49A0-ACAD-192E66C36BE6}.iOS|Mixed Platforms.Build.0 = Debug|x86
		{1569F33B-7357-49A0-ACAD-192E66C36BE6}.iOS|Mixed Platforms.Deploy.0 = Debug|x86
		{1569F33B-7357-49A0-ACAD-192E66C36BE6}.iOS|x64.ActiveCfg = Release|Any CPU
		{1569F33B-7357-49A0-ACAD-192E66C36BE6}.iOS|x86.ActiveCfg = Release|x86
		{1569F33B-7357-49A0-ACAD-192E66C36BE6}.iOS|x86.Build.0 = Release|x86
		{1569F33B-7357-49A0-ACAD-192E66C36BE6}.iOS|x86.Deploy.0 = Release|x86
		{1569F33B-7357-49A0-ACAD-192E66C36BE6}.Linux|Any CPU.ActiveCfg = Release|Any CPU
		{1569F33B-7357-49A0-ACAD-192E66C36BE6}.Linux|Any CPU.Build.0 = Release|Any CPU
		{1569F33B-7357-49A0-ACAD-192E66C36BE6}.Linux|Any CPU.Deploy.0 = Release|Any CPU
		{1569F33B-7357-49A0-ACAD-192E66C36BE6}.Linux|ARM.ActiveCfg = Release|ARM
		{1569F33B-7357-49A0-ACAD-192E66C36BE6}.Linux|ARM.Build.0 = Release|ARM
		{1569F33B-7357-49A0-ACAD-192E66C36BE6}.Linux|ARM.Deploy.0 = Release|ARM
		{1569F33B-7357-49A0-ACAD-192E66C36BE6}.Linux|Mixed Platforms.ActiveCfg = Debug|x86
		{1569F33B-7357-49A0-ACAD-192E66C36BE6}.Linux|Mixed Platforms.Build.0 = Debug|x86
		{1569F33B-7357-49A0-ACAD-192E66C36BE6}.Linux|Mixed Platforms.Deploy.0 = Debug|x86
		{1569F33B-7357-49A0-ACAD-192E66C36BE6}.Linux|x64.ActiveCfg = Release|Any CPU
		{1569F33B-7357-49A0-ACAD-192E66C36BE6}.Linux|x86.ActiveCfg = Release|x86
		{1569F33B-7357-49A0-ACAD-192E66C36BE6}.Linux|x86.Build.0 = Release|x86
		{1569F33B-7357-49A0-ACAD-192E66C36BE6}.Linux|x86.Deploy.0 = Release|x86
		{1569F33B-7357-49A0-ACAD-192E66C36BE6}.OSX|Any CPU.ActiveCfg = Release|Any CPU
		{1569F33B-7357-49A0-ACAD-192E66C36BE6}.OSX|Any CPU.Build.0 = Release|Any CPU
		{1569F33B-7357-49A0-ACAD-192E66C36BE6}.OSX|Any CPU.Deploy.0 = Release|Any CPU
		{1569F33B-7357-49A0-ACAD-192E66C36BE6}.OSX|ARM.ActiveCfg = Release|ARM
		{1569F33B-7357-49A0-ACAD-192E66C36BE6}.OSX|ARM.Build.0 = Release|ARM
		{1569F33B-7357-49A0-ACAD-192E66C36BE6}.OSX|ARM.Deploy.0 = Release|ARM
		{1569F33B-7357-49A0-ACAD-192E66C36BE6}.OSX|Mixed Platforms.ActiveCfg = Debug|x86
		{1569F33B-7357-49A0-ACAD-192E66C36BE6}.OSX|Mixed Platforms.Build.0 = Debug|x86
		{1569F33B-7357-49A0-ACAD-192E66C36BE6}.OSX|Mixed Platforms.Deploy.0 = Debug|x86
		{1569F33B-7357-49A0-ACAD-192E66C36BE6}.OSX|x64.ActiveCfg = Release|Any CPU
		{1569F33B-7357-49A0-ACAD-192E66C36BE6}.OSX|x86.ActiveCfg = Release|x86
		{1569F33B-7357-49A0-ACAD-192E66C36BE6}.OSX|x86.Build.0 = Release|x86
		{1569F33B-7357-49A0-ACAD-192E66C36BE6}.OSX|x86.Deploy.0 = Release|x86
		{1569F33B-7357-49A0-ACAD-192E66C36BE6}.PSM|Any CPU.ActiveCfg = Release|Any CPU
		{1569F33B-7357-49A0-ACAD-192E66C36BE6}.PSM|Any CPU.Build.0 = Release|Any CPU
		{1569F33B-7357-49A0-ACAD-192E66C36BE6}.PSM|Any CPU.Deploy.0 = Release|Any CPU
		{1569F33B-7357-49A0-ACAD-192E66C36BE6}.PSM|ARM.ActiveCfg = Release|ARM
		{1569F33B-7357-49A0-ACAD-192E66C36BE6}.PSM|ARM.Build.0 = Release|ARM
		{1569F33B-7357-49A0-ACAD-192E66C36BE6}.PSM|ARM.Deploy.0 = Release|ARM
		{1569F33B-7357-49A0-ACAD-192E66C36BE6}.PSM|Mixed Platforms.ActiveCfg = Debug|x86
		{1569F33B-7357-49A0-ACAD-192E66C36BE6}.PSM|Mixed Platforms.Build.0 = Debug|x86
		{1569F33B-7357-49A0-ACAD-192E66C36BE6}.PSM|Mixed Platforms.Deploy.0 = Debug|x86
		{1569F33B-7357-49A0-ACAD-192E66C36BE6}.PSM|x64.ActiveCfg = Release|Any CPU
		{1569F33B-7357-49A0-ACAD-192E66C36BE6}.PSM|x86.ActiveCfg = Release|x86
		{1569F33B-7357-49A0-ACAD-192E66C36BE6}.PSM|x86.Build.0 = Release|x86
		{1569F33B-7357-49A0-ACAD-192E66C36BE6}.PSM|x86.Deploy.0 = Release|x86
		{1569F33B-7357-49A0-ACAD-192E66C36BE6}.Release|Any CPU.ActiveCfg = Release|Any CPU
		{1569F33B-7357-49A0-ACAD-192E66C36BE6}.Release|Any CPU.Build.0 = Release|Any CPU
		{1569F33B-7357-49A0-ACAD-192E66C36BE6}.Release|Any CPU.Deploy.0 = Release|Any CPU
		{1569F33B-7357-49A0-ACAD-192E66C36BE6}.Release|ARM.ActiveCfg = Release|ARM
		{1569F33B-7357-49A0-ACAD-192E66C36BE6}.Release|ARM.Build.0 = Release|ARM
		{1569F33B-7357-49A0-ACAD-192E66C36BE6}.Release|ARM.Deploy.0 = Release|ARM
		{1569F33B-7357-49A0-ACAD-192E66C36BE6}.Release|Mixed Platforms.ActiveCfg = Release|x86
		{1569F33B-7357-49A0-ACAD-192E66C36BE6}.Release|Mixed Platforms.Build.0 = Release|x86
		{1569F33B-7357-49A0-ACAD-192E66C36BE6}.Release|Mixed Platforms.Deploy.0 = Release|x86
		{1569F33B-7357-49A0-ACAD-192E66C36BE6}.Release|x64.ActiveCfg = Release|Any CPU
		{1569F33B-7357-49A0-ACAD-192E66C36BE6}.Release|x86.ActiveCfg = Release|x86
		{1569F33B-7357-49A0-ACAD-192E66C36BE6}.Release|x86.Build.0 = Release|x86
		{1569F33B-7357-49A0-ACAD-192E66C36BE6}.Release|x86.Deploy.0 = Release|x86
		{1569F33B-7357-49A0-ACAD-192E66C36BE6}.Windows|Any CPU.ActiveCfg = Release|Any CPU
		{1569F33B-7357-49A0-ACAD-192E66C36BE6}.Windows|Any CPU.Build.0 = Release|Any CPU
		{1569F33B-7357-49A0-ACAD-192E66C36BE6}.Windows|Any CPU.Deploy.0 = Release|Any CPU
		{1569F33B-7357-49A0-ACAD-192E66C36BE6}.Windows|ARM.ActiveCfg = Release|ARM
		{1569F33B-7357-49A0-ACAD-192E66C36BE6}.Windows|ARM.Build.0 = Release|ARM
		{1569F33B-7357-49A0-ACAD-192E66C36BE6}.Windows|ARM.Deploy.0 = Release|ARM
		{1569F33B-7357-49A0-ACAD-192E66C36BE6}.Windows|Mixed Platforms.ActiveCfg = Debug|x86
		{1569F33B-7357-49A0-ACAD-192E66C36BE6}.Windows|Mixed Platforms.Build.0 = Debug|x86
		{1569F33B-7357-49A0-ACAD-192E66C36BE6}.Windows|Mixed Platforms.Deploy.0 = Debug|x86
		{1569F33B-7357-49A0-ACAD-192E66C36BE6}.Windows|x64.ActiveCfg = Release|Any CPU
		{1569F33B-7357-49A0-ACAD-192E66C36BE6}.Windows|x86.ActiveCfg = Release|x86
		{1569F33B-7357-49A0-ACAD-192E66C36BE6}.Windows|x86.Build.0 = Release|x86
		{1569F33B-7357-49A0-ACAD-192E66C36BE6}.Windows|x86.Deploy.0 = Release|x86
		{1569F33B-7357-49A0-ACAD-192E66C36BE6}.Windows8|Any CPU.ActiveCfg = Release|Any CPU
		{1569F33B-7357-49A0-ACAD-192E66C36BE6}.Windows8|Any CPU.Build.0 = Release|Any CPU
		{1569F33B-7357-49A0-ACAD-192E66C36BE6}.Windows8|Any CPU.Deploy.0 = Release|Any CPU
		{1569F33B-7357-49A0-ACAD-192E66C36BE6}.Windows8|ARM.ActiveCfg = Release|ARM
		{1569F33B-7357-49A0-ACAD-192E66C36BE6}.Windows8|ARM.Build.0 = Release|ARM
		{1569F33B-7357-49A0-ACAD-192E66C36BE6}.Windows8|ARM.Deploy.0 = Release|ARM
		{1569F33B-7357-49A0-ACAD-192E66C36BE6}.Windows8|Mixed Platforms.ActiveCfg = Debug|x86
		{1569F33B-7357-49A0-ACAD-192E66C36BE6}.Windows8|Mixed Platforms.Build.0 = Debug|x86
		{1569F33B-7357-49A0-ACAD-192E66C36BE6}.Windows8|Mixed Platforms.Deploy.0 = Debug|x86
		{1569F33B-7357-49A0-ACAD-192E66C36BE6}.Windows8|x64.ActiveCfg = Release|Any CPU
		{1569F33B-7357-49A0-ACAD-192E66C36BE6}.Windows8|x86.ActiveCfg = Release|x86
		{1569F33B-7357-49A0-ACAD-192E66C36BE6}.Windows8|x86.Build.0 = Release|x86
		{1569F33B-7357-49A0-ACAD-192E66C36BE6}.Windows8|x86.Deploy.0 = Release|x86
		{92A6A794-E23F-46D4-BCA5-3790198FEF4C}.Android|Any CPU.ActiveCfg = Android|Any CPU
		{92A6A794-E23F-46D4-BCA5-3790198FEF4C}.Android|Any CPU.Build.0 = Android|Any CPU
		{92A6A794-E23F-46D4-BCA5-3790198FEF4C}.Android|ARM.ActiveCfg = Android|Any CPU
		{92A6A794-E23F-46D4-BCA5-3790198FEF4C}.Android|Mixed Platforms.ActiveCfg = Android|Any CPU
		{92A6A794-E23F-46D4-BCA5-3790198FEF4C}.Android|Mixed Platforms.Build.0 = Android|Any CPU
		{92A6A794-E23F-46D4-BCA5-3790198FEF4C}.Android|x64.ActiveCfg = Android|Any CPU
		{92A6A794-E23F-46D4-BCA5-3790198FEF4C}.Android|x86.ActiveCfg = Android|Any CPU
		{92A6A794-E23F-46D4-BCA5-3790198FEF4C}.Debug|Any CPU.ActiveCfg = PSM|Any CPU
		{92A6A794-E23F-46D4-BCA5-3790198FEF4C}.Debug|Any CPU.Build.0 = PSM|Any CPU
		{92A6A794-E23F-46D4-BCA5-3790198FEF4C}.Debug|ARM.ActiveCfg = PSM|Any CPU
		{92A6A794-E23F-46D4-BCA5-3790198FEF4C}.Debug|Mixed Platforms.ActiveCfg = Windows8|Any CPU
		{92A6A794-E23F-46D4-BCA5-3790198FEF4C}.Debug|Mixed Platforms.Build.0 = Windows8|Any CPU
		{92A6A794-E23F-46D4-BCA5-3790198FEF4C}.Debug|x64.ActiveCfg = PSM|Any CPU
		{92A6A794-E23F-46D4-BCA5-3790198FEF4C}.Debug|x86.ActiveCfg = PSM|Any CPU
		{92A6A794-E23F-46D4-BCA5-3790198FEF4C}.iOS|Any CPU.ActiveCfg = iOS|Any CPU
		{92A6A794-E23F-46D4-BCA5-3790198FEF4C}.iOS|Any CPU.Build.0 = iOS|Any CPU
		{92A6A794-E23F-46D4-BCA5-3790198FEF4C}.iOS|ARM.ActiveCfg = iOS|Any CPU
		{92A6A794-E23F-46D4-BCA5-3790198FEF4C}.iOS|Mixed Platforms.ActiveCfg = iOS|Any CPU
		{92A6A794-E23F-46D4-BCA5-3790198FEF4C}.iOS|Mixed Platforms.Build.0 = iOS|Any CPU
		{92A6A794-E23F-46D4-BCA5-3790198FEF4C}.iOS|x64.ActiveCfg = iOS|Any CPU
		{92A6A794-E23F-46D4-BCA5-3790198FEF4C}.iOS|x86.ActiveCfg = iOS|Any CPU
		{92A6A794-E23F-46D4-BCA5-3790198FEF4C}.Linux|Any CPU.ActiveCfg = Linux|Any CPU
		{92A6A794-E23F-46D4-BCA5-3790198FEF4C}.Linux|Any CPU.Build.0 = Linux|Any CPU
		{92A6A794-E23F-46D4-BCA5-3790198FEF4C}.Linux|ARM.ActiveCfg = Linux|Any CPU
		{92A6A794-E23F-46D4-BCA5-3790198FEF4C}.Linux|Mixed Platforms.ActiveCfg = Linux|Any CPU
		{92A6A794-E23F-46D4-BCA5-3790198FEF4C}.Linux|Mixed Platforms.Build.0 = Linux|Any CPU
		{92A6A794-E23F-46D4-BCA5-3790198FEF4C}.Linux|x64.ActiveCfg = Linux|Any CPU
		{92A6A794-E23F-46D4-BCA5-3790198FEF4C}.Linux|x86.ActiveCfg = Linux|Any CPU
		{92A6A794-E23F-46D4-BCA5-3790198FEF4C}.OSX|Any CPU.ActiveCfg = OSX|Any CPU
		{92A6A794-E23F-46D4-BCA5-3790198FEF4C}.OSX|Any CPU.Build.0 = OSX|Any CPU
		{92A6A794-E23F-46D4-BCA5-3790198FEF4C}.OSX|ARM.ActiveCfg = OSX|Any CPU
		{92A6A794-E23F-46D4-BCA5-3790198FEF4C}.OSX|Mixed Platforms.ActiveCfg = OSX|Any CPU
		{92A6A794-E23F-46D4-BCA5-3790198FEF4C}.OSX|Mixed Platforms.Build.0 = OSX|Any CPU
		{92A6A794-E23F-46D4-BCA5-3790198FEF4C}.OSX|x64.ActiveCfg = OSX|Any CPU
		{92A6A794-E23F-46D4-BCA5-3790198FEF4C}.OSX|x86.ActiveCfg = OSX|Any CPU
		{92A6A794-E23F-46D4-BCA5-3790198FEF4C}.PSM|Any CPU.ActiveCfg = PSM|Any CPU
		{92A6A794-E23F-46D4-BCA5-3790198FEF4C}.PSM|Any CPU.Build.0 = PSM|Any CPU
		{92A6A794-E23F-46D4-BCA5-3790198FEF4C}.PSM|ARM.ActiveCfg = PSM|Any CPU
		{92A6A794-E23F-46D4-BCA5-3790198FEF4C}.PSM|Mixed Platforms.ActiveCfg = PSM|Any CPU
		{92A6A794-E23F-46D4-BCA5-3790198FEF4C}.PSM|Mixed Platforms.Build.0 = PSM|Any CPU
		{92A6A794-E23F-46D4-BCA5-3790198FEF4C}.PSM|x64.ActiveCfg = PSM|Any CPU
		{92A6A794-E23F-46D4-BCA5-3790198FEF4C}.PSM|x86.ActiveCfg = PSM|Any CPU
		{92A6A794-E23F-46D4-BCA5-3790198FEF4C}.Release|Any CPU.ActiveCfg = PSM|Any CPU
		{92A6A794-E23F-46D4-BCA5-3790198FEF4C}.Release|Any CPU.Build.0 = PSM|Any CPU
		{92A6A794-E23F-46D4-BCA5-3790198FEF4C}.Release|ARM.ActiveCfg = PSM|Any CPU
		{92A6A794-E23F-46D4-BCA5-3790198FEF4C}.Release|Mixed Platforms.ActiveCfg = Windows8|Any CPU
		{92A6A794-E23F-46D4-BCA5-3790198FEF4C}.Release|Mixed Platforms.Build.0 = Windows8|Any CPU
		{92A6A794-E23F-46D4-BCA5-3790198FEF4C}.Release|x64.ActiveCfg = PSM|Any CPU
		{92A6A794-E23F-46D4-BCA5-3790198FEF4C}.Release|x86.ActiveCfg = PSM|Any CPU
		{92A6A794-E23F-46D4-BCA5-3790198FEF4C}.Windows|Any CPU.ActiveCfg = Windows|Any CPU
		{92A6A794-E23F-46D4-BCA5-3790198FEF4C}.Windows|Any CPU.Build.0 = Windows|Any CPU
		{92A6A794-E23F-46D4-BCA5-3790198FEF4C}.Windows|ARM.ActiveCfg = Windows|Any CPU
		{92A6A794-E23F-46D4-BCA5-3790198FEF4C}.Windows|Mixed Platforms.ActiveCfg = Windows|Any CPU
		{92A6A794-E23F-46D4-BCA5-3790198FEF4C}.Windows|Mixed Platforms.Build.0 = Windows|Any CPU
		{92A6A794-E23F-46D4-BCA5-3790198FEF4C}.Windows|x64.ActiveCfg = Windows|Any CPU
		{92A6A794-E23F-46D4-BCA5-3790198FEF4C}.Windows|x86.ActiveCfg = Windows|Any CPU
		{92A6A794-E23F-46D4-BCA5-3790198FEF4C}.Windows8|Any CPU.ActiveCfg = Windows8|Any CPU
		{92A6A794-E23F-46D4-BCA5-3790198FEF4C}.Windows8|Any CPU.Build.0 = Windows8|Any CPU
		{92A6A794-E23F-46D4-BCA5-3790198FEF4C}.Windows8|ARM.ActiveCfg = Windows8|Any CPU
		{92A6A794-E23F-46D4-BCA5-3790198FEF4C}.Windows8|Mixed Platforms.ActiveCfg = Windows8|Any CPU
		{92A6A794-E23F-46D4-BCA5-3790198FEF4C}.Windows8|Mixed Platforms.Build.0 = Windows8|Any CPU
		{92A6A794-E23F-46D4-BCA5-3790198FEF4C}.Windows8|x64.ActiveCfg = Windows8|Any CPU
		{92A6A794-E23F-46D4-BCA5-3790198FEF4C}.Windows8|x86.ActiveCfg = Windows8|Any CPU
		{FFBE88C3-35C9-448B-B656-63A4D4F20E96}.Android|Any CPU.ActiveCfg = Android|Any CPU
		{FFBE88C3-35C9-448B-B656-63A4D4F20E96}.Android|ARM.ActiveCfg = Android|Any CPU
		{FFBE88C3-35C9-448B-B656-63A4D4F20E96}.Android|Mixed Platforms.ActiveCfg = Android|Any CPU
		{FFBE88C3-35C9-448B-B656-63A4D4F20E96}.Android|x64.ActiveCfg = Android|Any CPU
		{FFBE88C3-35C9-448B-B656-63A4D4F20E96}.Android|x86.ActiveCfg = Android|Any CPU
		{FFBE88C3-35C9-448B-B656-63A4D4F20E96}.Debug|Any CPU.ActiveCfg = PSM|Any CPU
		{FFBE88C3-35C9-448B-B656-63A4D4F20E96}.Debug|ARM.ActiveCfg = PSM|Any CPU
		{FFBE88C3-35C9-448B-B656-63A4D4F20E96}.Debug|Mixed Platforms.ActiveCfg = Windows8|Any CPU
		{FFBE88C3-35C9-448B-B656-63A4D4F20E96}.Debug|x64.ActiveCfg = PSM|Any CPU
		{FFBE88C3-35C9-448B-B656-63A4D4F20E96}.Debug|x86.ActiveCfg = PSM|Any CPU
		{FFBE88C3-35C9-448B-B656-63A4D4F20E96}.iOS|Any CPU.ActiveCfg = iOS|Any CPU
		{FFBE88C3-35C9-448B-B656-63A4D4F20E96}.iOS|ARM.ActiveCfg = iOS|Any CPU
		{FFBE88C3-35C9-448B-B656-63A4D4F20E96}.iOS|Mixed Platforms.ActiveCfg = iOS|Any CPU
		{FFBE88C3-35C9-448B-B656-63A4D4F20E96}.iOS|x64.ActiveCfg = iOS|Any CPU
		{FFBE88C3-35C9-448B-B656-63A4D4F20E96}.iOS|x86.ActiveCfg = iOS|Any CPU
		{FFBE88C3-35C9-448B-B656-63A4D4F20E96}.Linux|Any CPU.ActiveCfg = Linux|Any CPU
		{FFBE88C3-35C9-448B-B656-63A4D4F20E96}.Linux|ARM.ActiveCfg = Linux|Any CPU
		{FFBE88C3-35C9-448B-B656-63A4D4F20E96}.Linux|Mixed Platforms.ActiveCfg = Linux|Any CPU
		{FFBE88C3-35C9-448B-B656-63A4D4F20E96}.Linux|x64.ActiveCfg = Linux|Any CPU
		{FFBE88C3-35C9-448B-B656-63A4D4F20E96}.Linux|x86.ActiveCfg = Linux|Any CPU
		{FFBE88C3-35C9-448B-B656-63A4D4F20E96}.OSX|Any CPU.ActiveCfg = OSX|Any CPU
		{FFBE88C3-35C9-448B-B656-63A4D4F20E96}.OSX|ARM.ActiveCfg = OSX|Any CPU
		{FFBE88C3-35C9-448B-B656-63A4D4F20E96}.OSX|Mixed Platforms.ActiveCfg = OSX|Any CPU
		{FFBE88C3-35C9-448B-B656-63A4D4F20E96}.OSX|x64.ActiveCfg = OSX|Any CPU
		{FFBE88C3-35C9-448B-B656-63A4D4F20E96}.OSX|x86.ActiveCfg = OSX|Any CPU
		{FFBE88C3-35C9-448B-B656-63A4D4F20E96}.PSM|Any CPU.ActiveCfg = PSM|Any CPU
		{FFBE88C3-35C9-448B-B656-63A4D4F20E96}.PSM|ARM.ActiveCfg = PSM|Any CPU
		{FFBE88C3-35C9-448B-B656-63A4D4F20E96}.PSM|Mixed Platforms.ActiveCfg = PSM|Any CPU
		{FFBE88C3-35C9-448B-B656-63A4D4F20E96}.PSM|x64.ActiveCfg = PSM|Any CPU
		{FFBE88C3-35C9-448B-B656-63A4D4F20E96}.PSM|x86.ActiveCfg = PSM|Any CPU
		{FFBE88C3-35C9-448B-B656-63A4D4F20E96}.Release|Any CPU.ActiveCfg = PSM|Any CPU
		{FFBE88C3-35C9-448B-B656-63A4D4F20E96}.Release|ARM.ActiveCfg = PSM|Any CPU
		{FFBE88C3-35C9-448B-B656-63A4D4F20E96}.Release|Mixed Platforms.ActiveCfg = Windows8|Any CPU
		{FFBE88C3-35C9-448B-B656-63A4D4F20E96}.Release|x64.ActiveCfg = PSM|Any CPU
		{FFBE88C3-35C9-448B-B656-63A4D4F20E96}.Release|x86.ActiveCfg = PSM|Any CPU
		{FFBE88C3-35C9-448B-B656-63A4D4F20E96}.Windows|Any CPU.ActiveCfg = Windows|Any CPU
		{FFBE88C3-35C9-448B-B656-63A4D4F20E96}.Windows|ARM.ActiveCfg = Windows|Any CPU
		{FFBE88C3-35C9-448B-B656-63A4D4F20E96}.Windows|Mixed Platforms.ActiveCfg = Windows|Any CPU
		{FFBE88C3-35C9-448B-B656-63A4D4F20E96}.Windows|x64.ActiveCfg = Windows|Any CPU
		{FFBE88C3-35C9-448B-B656-63A4D4F20E96}.Windows|x86.ActiveCfg = Windows|Any CPU
		{FFBE88C3-35C9-448B-B656-63A4D4F20E96}.Windows8|Any CPU.ActiveCfg = Windows8|Any CPU
		{FFBE88C3-35C9-448B-B656-63A4D4F20E96}.Windows8|ARM.ActiveCfg = Windows8|Any CPU
		{FFBE88C3-35C9-448B-B656-63A4D4F20E96}.Windows8|Mixed Platforms.ActiveCfg = Windows8|Any CPU
		{FFBE88C3-35C9-448B-B656-63A4D4F20E96}.Windows8|x64.ActiveCfg = Windows8|Any CPU
		{FFBE88C3-35C9-448B-B656-63A4D4F20E96}.Windows8|x86.ActiveCfg = Windows8|Any CPU
	EndGlobalSection
	GlobalSection(SolutionProperties) = preSolution
		HideSolutionNode = FALSE
	EndGlobalSection
	GlobalSection(NestedProjects) = preSolution
		{758EB457-8AE6-4F3F-8866-EF0222A99146} = {B614A4E0-C7FC-43B3-B899-D0C6B0FCF3E8}
		{FA2137BB-2933-4EEE-AF43-B1D2DFB8E21A} = {B614A4E0-C7FC-43B3-B899-D0C6B0FCF3E8}
		{1569F33B-7357-49A0-ACAD-192E66C36BE6} = {B614A4E0-C7FC-43B3-B899-D0C6B0FCF3E8}
	EndGlobalSection
EndGlobal
