<?xml version="1.0" encoding="utf-8"?>
<Project ToolsVersion="4.0" xmlns="http://schemas.microsoft.com/developer/msbuild/2003">
  <ItemGroup>
    <ClInclude Include="$(MSBuildThisFileDirectory)AnarianMain.h" />
    <ClInclude Include="$(MSBuildThisFileDirectory)pch.h" />
    <ClInclude Include="$(MSBuildThisFileDirectory)Common\DirectXHelper.h">
      <Filter>Common</Filter>
    </ClInclude>
    <ClInclude Include="$(MSBuildThisFileDirectory)Common\StepTimer.h">
      <Filter>Common</Filter>
    </ClInclude>
    <ClInclude Include="$(MSBuildThisFileDirectory)Common\DeviceResources.h">
      <Filter>Common</Filter>
    </ClInclude>
    <ClInclude Include="$(MSBuildThisFileDirectory)Content\SampleFpsTextRenderer.h">
      <Filter>Content</Filter>
    </ClInclude>
    <ClInclude Include="$(MSBuildThisFileDirectory)Color.h">
      <Filter>Data Structures</Filter>
    </ClInclude>
    <ClInclude Include="$(MSBuildThisFileDirectory)IRenderer.h">
      <Filter>Interfaces</Filter>
    </ClInclude>
    <ClInclude Include="$(MSBuildThisFileDirectory)IMaterial.h">
      <Filter>Interfaces</Filter>
    </ClInclude>
    <ClInclude Include="$(MSBuildThisFileDirectory)IMeshObject.h">
      <Filter>Interfaces</Filter>
    </ClInclude>
    <ClInclude Include="$(MSBuildThisFileDirectory)DirectXMaterial.h">
      <Filter>Rendering\DirectX</Filter>
    </ClInclude>
    <ClInclude Include="$(MSBuildThisFileDirectory)DirectXMesh.h">
      <Filter>Rendering\DirectX</Filter>
    </ClInclude>
    <ClInclude Include="$(MSBuildThisFileDirectory)MeshFactory.h">
      <Filter>Factories</Filter>
    </ClInclude>
    <ClInclude Include="$(MSBuildThisFileDirectory)MaterialFactory.h">
      <Filter>Factories</Filter>
    </ClInclude>
    <ClInclude Include="$(MSBuildThisFileDirectory)RendererFactory.h">
      <Filter>Factories</Filter>
    </ClInclude>
    <ClInclude Include="$(MSBuildThisFileDirectory)ResourceManager.h">
      <Filter>Managers</Filter>
    </ClInclude>
    <ClInclude Include="$(MSBuildThisFileDirectory)IScene.h">
      <Filter>Interfaces</Filter>
    </ClInclude>
    <ClInclude Include="$(MSBuildThisFileDirectory)Camera.h">
      <Filter>Rendering</Filter>
    </ClInclude>
    <ClInclude Include="$(MSBuildThisFileDirectory)SceneManager.h">
      <Filter>Managers</Filter>
    </ClInclude>
    <ClInclude Include="$(MSBuildThisFileDirectory)IRenderable.h">
      <Filter>Interfaces</Filter>
    </ClInclude>
    <ClInclude Include="$(MSBuildThisFileDirectory)IMoveable.h">
      <Filter>Interfaces</Filter>
    </ClInclude>
    <ClInclude Include="$(MSBuildThisFileDirectory)IUpdatable.h">
      <Filter>Interfaces</Filter>
    </ClInclude>
    <ClInclude Include="$(MSBuildThisFileDirectory)GameTimer.h">
      <Filter>Utilities</Filter>
    </ClInclude>
    <ClInclude Include="$(MSBuildThisFileDirectory)Common\BasicLoader.h">
      <Filter>Utilities\Loaders</Filter>
    </ClInclude>
    <ClInclude Include="$(MSBuildThisFileDirectory)Common\BasicMath.h">
      <Filter>Utilities\Loaders</Filter>
    </ClInclude>
    <ClInclude Include="$(MSBuildThisFileDirectory)Common\BasicReaderWriter.h">
      <Filter>Utilities\Loaders</Filter>
    </ClInclude>
    <ClInclude Include="$(MSBuildThisFileDirectory)Common\BasicShapes.h">
      <Filter>Utilities\Loaders</Filter>
    </ClInclude>
    <ClInclude Include="$(MSBuildThisFileDirectory)Common\DDSTextureLoader.h">
      <Filter>Utilities\Loaders</Filter>
    </ClInclude>
    <ClInclude Include="$(MSBuildThisFileDirectory)GameObject.h">
      <Filter>Data Structures</Filter>
    </ClInclude>
    <ClInclude Include="$(MSBuildThisFileDirectory)ConstantBuffers.h">
      <Filter>Shaders</Filter>
    </ClInclude>
    <ClInclude Include="$(MSBuildThisFileDirectory)WICTextureLoader.h">
      <Filter>Utilities\Loaders</Filter>
    </ClInclude>
    <ClInclude Include="$(MSBuildThisFileDirectory)PlatformHelpers.h">
      <Filter>Utilities\Loaders</Filter>
    </ClInclude>
    <ClInclude Include="$(MSBuildThisFileDirectory)Content\DirectXRenderer.h">
      <Filter>Rendering\DirectX</Filter>
    </ClInclude>
    <ClInclude Include="$(MSBuildThisFileDirectory)tiny_obj_loader.h">
      <Filter>Utilities\Loaders\OBJ Loader</Filter>
    </ClInclude>
    <ClInclude Include="$(MSBuildThisFileDirectory)TinyObjectLoaderConverter.h">
      <Filter>Utilities\Loaders\OBJ Loader</Filter>
    </ClInclude>
    <ClInclude Include="$(MSBuildThisFileDirectory)ICollider.h">
      <Filter>Interfaces</Filter>
    </ClInclude>
    <ClInclude Include="$(MSBuildThisFileDirectory)PrimitiveType.h">
      <Filter>Data Structures\Enumerators</Filter>
    </ClInclude>
    <ClInclude Include="$(MSBuildThisFileDirectory)Ray.h">
      <Filter>Data Structures</Filter>
    </ClInclude>
    <ClInclude Include="$(MSBuildThisFileDirectory)PNTVertex.h">
      <Filter>Data Structures\Verticies</Filter>
    </ClInclude>
    <ClInclude Include="$(MSBuildThisFileDirectory)Model.h">
      <Filter>Rendering</Filter>
    </ClInclude>
    <ClInclude Include="$(MSBuildThisFileDirectory)MD5Loader.h">
      <Filter>Utilities\Loaders\MD5 Loader</Filter>
    </ClInclude>
    <ClInclude Include="$(MSBuildThisFileDirectory)MD5LoaderConverter.h">
      <Filter>Utilities\Loaders\MD5 Loader</Filter>
    </ClInclude>
    <ClInclude Include="$(MSBuildThisFileDirectory)Joint.h">
      <Filter>Data Structures\Verticies</Filter>
    </ClInclude>
    <ClInclude Include="$(MSBuildThisFileDirectory)Weight.h">
      <Filter>Data Structures\Verticies</Filter>
    </ClInclude>
  </ItemGroup>
  <ItemGroup>
    <ClCompile Include="$(MSBuildThisFileDirectory)AnarianMain.cpp" />
    <ClCompile Include="$(MSBuildThisFileDirectory)pch.cpp" />
    <ClCompile Include="$(MSBuildThisFileDirectory)Common\DeviceResources.cpp">
      <Filter>Common</Filter>
    </ClCompile>
    <ClCompile Include="$(MSBuildThisFileDirectory)Content\SampleFpsTextRenderer.cpp">
      <Filter>Content</Filter>
    </ClCompile>
    <ClCompile Include="$(MSBuildThisFileDirectory)DirectXMaterial.cpp">
      <Filter>Rendering\DirectX</Filter>
    </ClCompile>
    <ClCompile Include="$(MSBuildThisFileDirectory)DirectXMesh.cpp">
      <Filter>Rendering\DirectX</Filter>
    </ClCompile>
    <ClCompile Include="$(MSBuildThisFileDirectory)MeshFactory.cpp">
      <Filter>Factories</Filter>
    </ClCompile>
    <ClCompile Include="$(MSBuildThisFileDirectory)MaterialFactory.cpp">
      <Filter>Factories</Filter>
    </ClCompile>
    <ClCompile Include="$(MSBuildThisFileDirectory)RendererFactory.cpp">
      <Filter>Factories</Filter>
    </ClCompile>
    <ClCompile Include="$(MSBuildThisFileDirectory)ResourceManager.cpp">
      <Filter>Managers</Filter>
    </ClCompile>
    <ClCompile Include="$(MSBuildThisFileDirectory)Camera.cpp">
      <Filter>Rendering</Filter>
    </ClCompile>
    <ClCompile Include="$(MSBuildThisFileDirectory)SceneManager.cpp">
      <Filter>Managers</Filter>
    </ClCompile>
    <ClCompile Include="$(MSBuildThisFileDirectory)GameTimer.cpp">
      <Filter>Utilities</Filter>
    </ClCompile>
    <ClCompile Include="$(MSBuildThisFileDirectory)Common\BasicLoader.cpp">
      <Filter>Utilities\Loaders</Filter>
    </ClCompile>
    <ClCompile Include="$(MSBuildThisFileDirectory)Common\BasicReaderWriter.cpp">
      <Filter>Utilities\Loaders</Filter>
    </ClCompile>
    <ClCompile Include="$(MSBuildThisFileDirectory)Common\DDSTextureLoader.cpp">
      <Filter>Utilities\Loaders</Filter>
    </ClCompile>
    <ClCompile Include="$(MSBuildThisFileDirectory)GameObject.cpp">
      <Filter>Data Structures</Filter>
    </ClCompile>
    <ClCompile Include="$(MSBuildThisFileDirectory)WICTextureLoader.cpp">
      <Filter>Utilities\Loaders</Filter>
    </ClCompile>
    <ClCompile Include="$(MSBuildThisFileDirectory)Content\DirectXRenderer.cpp">
      <Filter>Rendering\DirectX</Filter>
    </ClCompile>
    <ClCompile Include="$(MSBuildThisFileDirectory)tiny_obj_loader.cc">
      <Filter>Utilities\Loaders\OBJ Loader</Filter>
    </ClCompile>
    <ClCompile Include="$(MSBuildThisFileDirectory)TinyObjectLoaderConverter.cpp">
      <Filter>Utilities\Loaders\OBJ Loader</Filter>
    </ClCompile>
    <ClCompile Include="$(MSBuildThisFileDirectory)IMeshObject.cpp">
      <Filter>Interfaces</Filter>
    </ClCompile>
    <ClCompile Include="$(MSBuildThisFileDirectory)Ray.cpp">
      <Filter>Data Structures</Filter>
    </ClCompile>
    <ClCompile Include="$(MSBuildThisFileDirectory)Model.cpp">
      <Filter>Rendering</Filter>
    </ClCompile>
    <ClCompile Include="$(MSBuildThisFileDirectory)MD5Loader.cpp">
      <Filter>Utilities\Loaders\MD5 Loader</Filter>
    </ClCompile>
    <ClCompile Include="$(MSBuildThisFileDirectory)MD5LoaderConverter.cpp">
      <Filter>Utilities\Loaders\MD5 Loader</Filter>
    </ClCompile>
  </ItemGroup>
  <ItemGroup>
    <FxCompile Include="$(MSBuildThisFileDirectory)Content\PixelShader.hlsl">
      <Filter>Shaders</Filter>
    </FxCompile>
    <FxCompile Include="$(MSBuildThisFileDirectory)Content\VertexShader.hlsl">
      <Filter>Shaders</Filter>
    </FxCompile>
  </ItemGroup>
  <ItemGroup>
    <Filter Include="Common">
      <UniqueIdentifier>{a807ffd7-61bf-4985-be2b-e41b2cf2fe5f}</UniqueIdentifier>
    </Filter>
    <Filter Include="Content">
      <UniqueIdentifier>{cea092bb-1387-4daf-81a8-a1a76ea3aef0}</UniqueIdentifier>
    </Filter>
    <Filter Include="Data Structures">
      <UniqueIdentifier>{addf15dc-830e-4ed6-b363-a694f2140339}</UniqueIdentifier>
    </Filter>
    <Filter Include="Interfaces">
      <UniqueIdentifier>{667ac312-2c59-49db-aefa-f12c33288fc2}</UniqueIdentifier>
    </Filter>
    <Filter Include="Rendering">
      <UniqueIdentifier>{b2bd6090-3726-49c1-9d08-9cbed052544c}</UniqueIdentifier>
    </Filter>
    <Filter Include="Rendering\DirectX">
      <UniqueIdentifier>{38e6626b-e089-4b40-b0fe-a22fcfb1a53a}</UniqueIdentifier>
    </Filter>
    <Filter Include="Utilities">
      <UniqueIdentifier>{ee69b2f5-aa01-41cf-891b-0f5993e6b653}</UniqueIdentifier>
    </Filter>
    <Filter Include="Factories">
      <UniqueIdentifier>{e11b82be-cb4c-4012-88b9-2f7c45cdaaa8}</UniqueIdentifier>
    </Filter>
    <Filter Include="Managers">
      <UniqueIdentifier>{dfc99fd6-4045-46e7-9915-d9ccaafd5d65}</UniqueIdentifier>
    </Filter>
    <Filter Include="Utilities\Loaders">
      <UniqueIdentifier>{dfb5125f-8429-44a2-aa7b-6972137add79}</UniqueIdentifier>
    </Filter>
    <Filter Include="Shaders">
      <UniqueIdentifier>{01b8ab7c-ba4f-4406-9ea6-ca2954946eec}</UniqueIdentifier>
    </Filter>
    <Filter Include="Assets">
      <UniqueIdentifier>{416710b8-008d-4fcb-abc9-ea3855dac7e0}</UniqueIdentifier>
    </Filter>
    <Filter Include="Assets\Elf">
      <UniqueIdentifier>{cbfe61cc-cea4-4a85-8389-90c2af293557}</UniqueIdentifier>
    </Filter>
    <Filter Include="Utilities\Loaders\OBJ Loader">
      <UniqueIdentifier>{70b6123e-97ba-4b90-872c-70340dd58432}</UniqueIdentifier>
    </Filter>
    <Filter Include="Utilities\Loaders\MD5 Loader">
      <UniqueIdentifier>{b1b524fd-6826-4e55-8d02-72c58ec35d1b}</UniqueIdentifier>
    </Filter>
    <Filter Include="Data Structures\Enumerators">
      <UniqueIdentifier>{2d90d1d5-7f9c-4e3b-8cfb-23047ea96eb9}</UniqueIdentifier>
    </Filter>
    <Filter Include="Data Structures\Verticies">
      <UniqueIdentifier>{f066d5cf-bcef-45ba-95a8-ca189ad3fb7c}</UniqueIdentifier>
    </Filter>
  </ItemGroup>
  <ItemGroup>
    <None Include="$(MSBuildThisFileDirectory)ConstantBuffers.hlsli">
      <Filter>Shaders</Filter>
    </None>
    <None Include="$(MSBuildThisFileDirectory)Assets\Elf\Elf.mtl">
      <Filter>Assets\Elf</Filter>
    </None>
    <None Include="$(MSBuildThisFileDirectory)Assets\Elf\Elf.obj" />
    <None Include="$(MSBuildThisFileDirectory)Assets\Elf\Elf.objxx">
      <Filter>Assets\Elf</Filter>
    </None>
    <None Include="$(MSBuildThisFileDirectory)Assets\Dance.md5anim">
      <Filter>Assets</Filter>
    </None>
    <None Include="$(MSBuildThisFileDirectory)Assets\Dance.md5mesh">
      <Filter>Assets</Filter>
    </None>
    <None Include="$(MSBuildThisFileDirectory)Assets\Walk.md5anim">
      <Filter>Assets</Filter>
    </None>
    <None Include="$(MSBuildThisFileDirectory)Assets\Walk.md5mesh">
      <Filter>Assets</Filter>
    </None>
  </ItemGroup>
  <ItemGroup>
    <Image Include="$(MSBuildThisFileDirectory)Assets\TyrilMap.png">
      <Filter>Assets</Filter>
    </Image>
    <Image Include="$(MSBuildThisFileDirectory)Assets\Elf\Elf_packed0_diffuse.png">
      <Filter>Assets\Elf</Filter>
    </Image>
    <Image Include="$(MSBuildThisFileDirectory)Assets\Elf\Elf_packed0_gloss.png">
      <Filter>Assets\Elf</Filter>
    </Image>
    <Image Include="$(MSBuildThisFileDirectory)Assets\Elf\Elf_packed0_normal.png">
      <Filter>Assets\Elf</Filter>
    </Image>
    <Image Include="$(MSBuildThisFileDirectory)Assets\Elf\Elf_packed0_specular.png">
      <Filter>Assets\Elf</Filter>
    </Image>
    <Image Include="$(MSBuildThisFileDirectory)Assets\MocapGuy_diffuse.png">
      <Filter>Assets</Filter>
    </Image>
    <Image Include="$(MSBuildThisFileDirectory)Assets\Soldier_Body_diffuse.png">
      <Filter>Assets</Filter>
    </Image>
  </ItemGroup>
</Project>